
Microsoft Visual Studio Solution File, Format Version 12.00
# Visual Studio Version 17
VisualStudioVersion = 17.10.35004.147
MinimumVisualStudioVersion = 10.0.40219.1
Project("{FAE04EC0-301F-11D3-BF4B-00C04F79EFBC}") = "BitwiseOperations", "BitwiseOperations\BitwiseOperations.csproj", "{187CBDDB-FE12-4D01-A472-ABB4BD4EE16D}"
EndProject
Global
	GlobalSection(SolutionConfigurationPlatforms) = preSolution
		Debug|Any CPU = Debug|Any CPU
		Release|Any CPU = Release|Any CPU
	EndGlobalSection
	GlobalSection(ProjectConfigurationPlatforms) = postSolution
		{187CBDDB-FE12-4D01-A472-ABB4BD4EE16D}.Debug|Any CPU.ActiveCfg = Debug|Any CPU
		{187CBDDB-FE12-4D01-A472-ABB4BD4EE16D}.Debug|Any CPU.Build.0 = Debug|Any CPU
		{187CBDDB-FE12-4D01-A472-ABB4BD4EE16D}.Release|Any CPU.ActiveCfg = Release|Any CPU
		{187CBDDB-FE12-4D01-A472-ABB4BD4EE16D}.Release|Any CPU.Build.0 = Release|Any CPU
	EndGlobalSection
	GlobalSection(SolutionProperties) = preSolution
		HideSolutionNode = FALSE
	EndGlobalSection
	GlobalSection(ExtensibilityGlobals) = postSolution
		SolutionGuid = {27AB8FCB-5775-42A9-BAD8-2B035BCA89F8}
	EndGlobalSection
EndGlobal
