
Microsoft Visual Studio Solution File, Format Version 12.00
# Visual Studio Version 17
VisualStudioVersion = 17.10.35004.147
MinimumVisualStudioVersion = 10.0.40219.1
Project("{FAE04EC0-301F-11D3-BF4B-00C04F79EFBC}") = "Types", "Types\Types.csproj", "{BB8196C5-379F-4267-A259-6D9472F79835}"
EndProject
Global
	GlobalSection(SolutionConfigurationPlatforms) = preSolution
		Debug|Any CPU = Debug|Any CPU
		Release|Any CPU = Release|Any CPU
	EndGlobalSection
	GlobalSection(ProjectConfigurationPlatforms) = postSolution
		{BB8196C5-379F-4267-A259-6D9472F79835}.Debug|Any CPU.ActiveCfg = Debug|Any CPU
		{BB8196C5-379F-4267-A259-6D9472F79835}.Debug|Any CPU.Build.0 = Debug|Any CPU
		{BB8196C5-379F-4267-A259-6D9472F79835}.Release|Any CPU.ActiveCfg = Release|Any CPU
		{BB8196C5-379F-4267-A259-6D9472F79835}.Release|Any CPU.Build.0 = Release|Any CPU
	EndGlobalSection
	GlobalSection(SolutionProperties) = preSolution
		HideSolutionNode = FALSE
	EndGlobalSection
	GlobalSection(ExtensibilityGlobals) = postSolution
		SolutionGuid = {96689C90-4CDC-4591-BEC3-462AB3064768}
	EndGlobalSection
EndGlobal
