
Microsoft Visual Studio Solution File, Format Version 12.00
# Visual Studio Version 17
VisualStudioVersion = 17.11.35303.130
MinimumVisualStudioVersion = 10.0.40219.1
Project("{FAE04EC0-301F-11D3-BF4B-00C04F79EFBC}") = "Namespace", "Namespace.csproj", "{CF425FAA-9DFA-4D0D-8257-8584D33A8F8F}"
EndProject
Global
	GlobalSection(SolutionConfigurationPlatforms) = preSolution
		Debug|Any CPU = Debug|Any CPU
		Release|Any CPU = Release|Any CPU
	EndGlobalSection
	GlobalSection(ProjectConfigurationPlatforms) = postSolution
		{CF425FAA-9DFA-4D0D-8257-8584D33A8F8F}.Debug|Any CPU.ActiveCfg = Debug|Any CPU
		{CF425FAA-9DFA-4D0D-8257-8584D33A8F8F}.Debug|Any CPU.Build.0 = Debug|Any CPU
		{CF425FAA-9DFA-4D0D-8257-8584D33A8F8F}.Release|Any CPU.ActiveCfg = Release|Any CPU
		{CF425FAA-9DFA-4D0D-8257-8584D33A8F8F}.Release|Any CPU.Build.0 = Release|Any CPU
	EndGlobalSection
	GlobalSection(SolutionProperties) = preSolution
		HideSolutionNode = FALSE
	EndGlobalSection
	GlobalSection(ExtensibilityGlobals) = postSolution
		SolutionGuid = {7CA03942-E1C1-4F62-9040-86A14E0FAF9D}
	EndGlobalSection
EndGlobal
