
Microsoft Visual Studio Solution File, Format Version 12.00
# Visual Studio Version 17
VisualStudioVersion = 17.10.35004.147
MinimumVisualStudioVersion = 10.0.40219.1
Project("{FAE04EC0-301F-11D3-BF4B-00C04F79EFBC}") = "LocalFunc", "LocalFunc.csproj", "{B089AEDD-504D-4168-9E21-5D22669B7F5F}"
EndProject
Global
	GlobalSection(SolutionConfigurationPlatforms) = preSolution
		Debug|Any CPU = Debug|Any CPU
		Release|Any CPU = Release|Any CPU
	EndGlobalSection
	GlobalSection(ProjectConfigurationPlatforms) = postSolution
		{B089AEDD-504D-4168-9E21-5D22669B7F5F}.Debug|Any CPU.ActiveCfg = Debug|Any CPU
		{B089AEDD-504D-4168-9E21-5D22669B7F5F}.Debug|Any CPU.Build.0 = Debug|Any CPU
		{B089AEDD-504D-4168-9E21-5D22669B7F5F}.Release|Any CPU.ActiveCfg = Release|Any CPU
		{B089AEDD-504D-4168-9E21-5D22669B7F5F}.Release|Any CPU.Build.0 = Release|Any CPU
	EndGlobalSection
	GlobalSection(SolutionProperties) = preSolution
		HideSolutionNode = FALSE
	EndGlobalSection
	GlobalSection(ExtensibilityGlobals) = postSolution
		SolutionGuid = {160B0380-DB7F-43C2-8F92-BCD2997B24ED}
	EndGlobalSection
EndGlobal
