
Microsoft Visual Studio Solution File, Format Version 12.00
# Visual Studio Version 17
VisualStudioVersion = 17.11.35303.130
MinimumVisualStudioVersion = 10.0.40219.1
Project("{FAE04EC0-301F-11D3-BF4B-00C04F79EFBC}") = "Switch", "Switch.csproj", "{EFA3170F-6C81-4419-9398-CEC518335694}"
EndProject
Global
	GlobalSection(SolutionConfigurationPlatforms) = preSolution
		Debug|Any CPU = Debug|Any CPU
		Release|Any CPU = Release|Any CPU
	EndGlobalSection
	GlobalSection(ProjectConfigurationPlatforms) = postSolution
		{EFA3170F-6C81-4419-9398-CEC518335694}.Debug|Any CPU.ActiveCfg = Debug|Any CPU
		{EFA3170F-6C81-4419-9398-CEC518335694}.Debug|Any CPU.Build.0 = Debug|Any CPU
		{EFA3170F-6C81-4419-9398-CEC518335694}.Release|Any CPU.ActiveCfg = Release|Any CPU
		{EFA3170F-6C81-4419-9398-CEC518335694}.Release|Any CPU.Build.0 = Release|Any CPU
	EndGlobalSection
	GlobalSection(SolutionProperties) = preSolution
		HideSolutionNode = FALSE
	EndGlobalSection
	GlobalSection(ExtensibilityGlobals) = postSolution
		SolutionGuid = {3007958F-C984-4ADE-B97F-3EFE800601B1}
	EndGlobalSection
EndGlobal
