
Microsoft Visual Studio Solution File, Format Version 12.00
# Visual Studio Version 17
VisualStudioVersion = 17.10.35004.147
MinimumVisualStudioVersion = 10.0.40219.1
Project("{FAE04EC0-301F-11D3-BF4B-00C04F79EFBC}") = "LogicalOperations", "LogicalOperations\LogicalOperations.csproj", "{EDC13019-D9E2-4AA0-8EEC-D7D04471FAD5}"
EndProject
Global
	GlobalSection(SolutionConfigurationPlatforms) = preSolution
		Debug|Any CPU = Debug|Any CPU
		Release|Any CPU = Release|Any CPU
	EndGlobalSection
	GlobalSection(ProjectConfigurationPlatforms) = postSolution
		{EDC13019-D9E2-4AA0-8EEC-D7D04471FAD5}.Debug|Any CPU.ActiveCfg = Debug|Any CPU
		{EDC13019-D9E2-4AA0-8EEC-D7D04471FAD5}.Debug|Any CPU.Build.0 = Debug|Any CPU
		{EDC13019-D9E2-4AA0-8EEC-D7D04471FAD5}.Release|Any CPU.ActiveCfg = Release|Any CPU
		{EDC13019-D9E2-4AA0-8EEC-D7D04471FAD5}.Release|Any CPU.Build.0 = Release|Any CPU
	EndGlobalSection
	GlobalSection(SolutionProperties) = preSolution
		HideSolutionNode = FALSE
	EndGlobalSection
	GlobalSection(ExtensibilityGlobals) = postSolution
		SolutionGuid = {9CD231CC-867C-4056-B793-43D090EDF3B8}
	EndGlobalSection
EndGlobal
